
Microsoft Visual Studio Solution File, Format Version 12.00
# Visual Studio Version 17
VisualStudioVersion = 17.4.33205.214
MinimumVisualStudioVersion = 10.0.40219.1
Project("{FAE04EC0-301F-11D3-BF4B-00C04F79EFBC}") = "SignalR", "SignalR\SignalR.csproj", "{5EE90648-3CA8-4124-87CC-9D55290C9AD3}"
EndProject
Global
	GlobalSection(SolutionConfigurationPlatforms) = preSolution
		Debug|Any CPU = Debug|Any CPU
		Release|Any CPU = Release|Any CPU
	EndGlobalSection
	GlobalSection(ProjectConfigurationPlatforms) = postSolution
		{5EE90648-3CA8-4124-87CC-9D55290C9AD3}.Debug|Any CPU.ActiveCfg = Debug|Any CPU
		{5EE90648-3CA8-4124-87CC-9D55290C9AD3}.Debug|Any CPU.Build.0 = Debug|Any CPU
		{5EE90648-3CA8-4124-87CC-9D55290C9AD3}.Release|Any CPU.ActiveCfg = Release|Any CPU
		{5EE90648-3CA8-4124-87CC-9D55290C9AD3}.Release|Any CPU.Build.0 = Release|Any CPU
	EndGlobalSection
	GlobalSection(SolutionProperties) = preSolution
		HideSolutionNode = FALSE
	EndGlobalSection
	GlobalSection(ExtensibilityGlobals) = postSolution
		SolutionGuid = {012C1020-644E-4CF8-BA13-2320D8AB6475}
	EndGlobalSection
EndGlobal
